// !$*UTF8*$!
{
	archiveVersion = 1;
	classes = {
	};
	objectVersion = 46;
	objects = {

/* Begin PBXBuildFile section */
		230461B61C20CC06009F8C1C /* InteractivePresentationTransition.m in Sources */ = {isa = PBXBuildFile; fileRef = 230461B51C20CC06009F8C1C /* InteractivePresentationTransition.m */; };
		23A4E8F71C25AFD5009FF134 /* TransitioningDelegate.m in Sources */ = {isa = PBXBuildFile; fileRef = 23A4E8F61C25AFD5009FF134 /* TransitioningDelegate.m */; };
		23A4E8FA1C25B14B009FF134 /* PresentationController.m in Sources */ = {isa = PBXBuildFile; fileRef = 23A4E8F91C25B14B009FF134 /* PresentationController.m */; };
		23ABB7AA1C1DF85600A79F3F /* SlideTransitionView.m in Sources */ = {isa = PBXBuildFile; fileRef = 23ABB7A91C1DF85600A79F3F /* SlideTransitionView.m */; };
		23B135F51B2E10B8007B9C3B /* main.m in Sources */ = {isa = PBXBuildFile; fileRef = 23B135F41B2E10B8007B9C3B /* main.m */; };
		23B135F81B2E10B8007B9C3B /* AppDelegate.m in Sources */ = {isa = PBXBuildFile; fileRef = 23B135F71B2E10B8007B9C3B /* AppDelegate.m */; };
		23B135FB1B2E10B8007B9C3B /* ViewController.m in Sources */ = {isa = PBXBuildFile; fileRef = 23B135FA1B2E10B8007B9C3B /* ViewController.m */; };
		23B135FE1B2E10B8007B9C3B /* Main.storyboard in Resources */ = {isa = PBXBuildFile; fileRef = 23B135FC1B2E10B8007B9C3B /* Main.storyboard */; };
		23B136001B2E10B8007B9C3B /* Images.xcassets in Resources */ = {isa = PBXBuildFile; fileRef = 23B135FF1B2E10B8007B9C3B /* Images.xcassets */; };
		23B136031B2E10B8007B9C3B /* LaunchScreen.xib in Resources */ = {isa = PBXBuildFile; fileRef = 23B136011B2E10B8007B9C3B /* LaunchScreen.xib */; };
		23B1360F1B2E10B8007B9C3B /* slideViewTests.m in Sources */ = {isa = PBXBuildFile; fileRef = 23B1360E1B2E10B8007B9C3B /* slideViewTests.m */; };
		23B1361E1B2E1157007B9C3B /* SlideViewController.m in Sources */ = {isa = PBXBuildFile; fileRef = 23B1361C1B2E1157007B9C3B /* SlideViewController.m */; };
/* End PBXBuildFile section */

/* Begin PBXContainerItemProxy section */
		23B136091B2E10B8007B9C3B /* PBXContainerItemProxy */ = {
			isa = PBXContainerItemProxy;
			containerPortal = 23B135E71B2E10B8007B9C3B /* Project object */;
			proxyType = 1;
			remoteGlobalIDString = 23B135EE1B2E10B8007B9C3B;
			remoteInfo = slideView;
		};
/* End PBXContainerItemProxy section */

/* Begin PBXFileReference section */
		230461B51C20CC06009F8C1C /* InteractivePresentationTransition.m */ = {isa = PBXFileReference; fileEncoding = 4; lastKnownFileType = sourcecode.c.objc; path = InteractivePresentationTransition.m; sourceTree = "<group>"; };
		230461B71C20CC0D009F8C1C /* InteractivePresentationTransition.h */ = {isa = PBXFileReference; fileEncoding = 4; lastKnownFileType = sourcecode.c.h; path = InteractivePresentationTransition.h; sourceTree = "<group>"; };
		23A4E8F51C25AFD5009FF134 /* TransitioningDelegate.h */ = {isa = PBXFileReference; fileEncoding = 4; lastKnownFileType = sourcecode.c.h; path = TransitioningDelegate.h; sourceTree = "<group>"; };
		23A4E8F61C25AFD5009FF134 /* TransitioningDelegate.m */ = {isa = PBXFileReference; fileEncoding = 4; lastKnownFileType = sourcecode.c.objc; path = TransitioningDelegate.m; sourceTree = "<group>"; };
		23A4E8F81C25B14B009FF134 /* PresentationController.h */ = {isa = PBXFileReference; fileEncoding = 4; lastKnownFileType = sourcecode.c.h; path = PresentationController.h; sourceTree = "<group>"; };
		23A4E8F91C25B14B009FF134 /* PresentationController.m */ = {isa = PBXFileReference; fileEncoding = 4; lastKnownFileType = sourcecode.c.objc; path = PresentationController.m; sourceTree = "<group>"; };
		23ABB7A81C1DF85600A79F3F /* SlideTransitionView.h */ = {isa = PBXFileReference; fileEncoding = 4; lastKnownFileType = sourcecode.c.h; path = SlideTransitionView.h; sourceTree = "<group>"; };
		23ABB7A91C1DF85600A79F3F /* SlideTransitionView.m */ = {isa = PBXFileReference; fileEncoding = 4; lastKnownFileType = sourcecode.c.objc; path = SlideTransitionView.m; sourceTree = "<group>"; };
		23B135EF1B2E10B8007B9C3B /* slideView.app */ = {isa = PBXFileReference; explicitFileType = wrapper.application; includeInIndex = 0; path = slideView.app; sourceTree = BUILT_PRODUCTS_DIR; };
		23B135F31B2E10B8007B9C3B /* Info.plist */ = {isa = PBXFileReference; lastKnownFileType = text.plist.xml; path = Info.plist; sourceTree = "<group>"; };
		23B135F41B2E10B8007B9C3B /* main.m */ = {isa = PBXFileReference; lastKnownFileType = sourcecode.c.objc; path = main.m; sourceTree = "<group>"; };
		23B135F61B2E10B8007B9C3B /* AppDelegate.h */ = {isa = PBXFileReference; lastKnownFileType = sourcecode.c.h; path = AppDelegate.h; sourceTree = "<group>"; };
		23B135F71B2E10B8007B9C3B /* AppDelegate.m */ = {isa = PBXFileReference; lastKnownFileType = sourcecode.c.objc; path = AppDelegate.m; sourceTree = "<group>"; };
		23B135F91B2E10B8007B9C3B /* ViewController.h */ = {isa = PBXFileReference; lastKnownFileType = sourcecode.c.h; path = ViewController.h; sourceTree = "<group>"; };
		23B135FA1B2E10B8007B9C3B /* ViewController.m */ = {isa = PBXFileReference; lastKnownFileType = sourcecode.c.objc; path = ViewController.m; sourceTree = "<group>"; };
		23B135FD1B2E10B8007B9C3B /* Base */ = {isa = PBXFileReference; lastKnownFileType = file.storyboard; name = Base; path = Base.lproj/Main.storyboard; sourceTree = "<group>"; };
		23B135FF1B2E10B8007B9C3B /* Images.xcassets */ = {isa = PBXFileReference; lastKnownFileType = folder.assetcatalog; path = Images.xcassets; sourceTree = "<group>"; };
		23B136021B2E10B8007B9C3B /* Base */ = {isa = PBXFileReference; lastKnownFileType = file.xib; name = Base; path = Base.lproj/LaunchScreen.xib; sourceTree = "<group>"; };
		23B136081B2E10B8007B9C3B /* slideViewTests.xctest */ = {isa = PBXFileReference; explicitFileType = wrapper.cfbundle; includeInIndex = 0; path = slideViewTests.xctest; sourceTree = BUILT_PRODUCTS_DIR; };
		23B1360D1B2E10B8007B9C3B /* Info.plist */ = {isa = PBXFileReference; lastKnownFileType = text.plist.xml; path = Info.plist; sourceTree = "<group>"; };
		23B1360E1B2E10B8007B9C3B /* slideViewTests.m */ = {isa = PBXFileReference; lastKnownFileType = sourcecode.c.objc; path = slideViewTests.m; sourceTree = "<group>"; };
		23B1361B1B2E1157007B9C3B /* SlideViewController.h */ = {isa = PBXFileReference; fileEncoding = 4; lastKnownFileType = sourcecode.c.h; path = SlideViewController.h; sourceTree = "<group>"; };
		23B1361C1B2E1157007B9C3B /* SlideViewController.m */ = {isa = PBXFileReference; fileEncoding = 4; lastKnownFileType = sourcecode.c.objc; path = SlideViewController.m; sourceTree = "<group>"; };
/* End PBXFileReference section */

/* Begin PBXFrameworksBuildPhase section */
		23B135EC1B2E10B8007B9C3B /* Frameworks */ = {
			isa = PBXFrameworksBuildPhase;
			buildActionMask = 2147483647;
			files = (
			);
			runOnlyForDeploymentPostprocessing = 0;
		};
		23B136051B2E10B8007B9C3B /* Frameworks */ = {
			isa = PBXFrameworksBuildPhase;
			buildActionMask = 2147483647;
			files = (
			);
			runOnlyForDeploymentPostprocessing = 0;
		};
/* End PBXFrameworksBuildPhase section */

/* Begin PBXGroup section */
		23B135E61B2E10B8007B9C3B = {
			isa = PBXGroup;
			children = (
				23B135F11B2E10B8007B9C3B /* slideView */,
				23B1360B1B2E10B8007B9C3B /* slideViewTests */,
				23B135F01B2E10B8007B9C3B /* Products */,
			);
			sourceTree = "<group>";
		};
		23B135F01B2E10B8007B9C3B /* Products */ = {
			isa = PBXGroup;
			children = (
				23B135EF1B2E10B8007B9C3B /* slideView.app */,
				23B136081B2E10B8007B9C3B /* slideViewTests.xctest */,
			);
			name = Products;
			sourceTree = "<group>";
		};
		23B135F11B2E10B8007B9C3B /* slideView */ = {
			isa = PBXGroup;
			children = (
				23CEAD6A1C16131200E5AA6E /* Headers */,
				23B135F71B2E10B8007B9C3B /* AppDelegate.m */,
				23B135FA1B2E10B8007B9C3B /* ViewController.m */,
				23B1361C1B2E1157007B9C3B /* SlideViewController.m */,
				23ABB7A91C1DF85600A79F3F /* SlideTransitionView.m */,
				23A4E8F61C25AFD5009FF134 /* TransitioningDelegate.m */,
				23A4E8F91C25B14B009FF134 /* PresentationController.m */,
				230461B51C20CC06009F8C1C /* InteractivePresentationTransition.m */,
				23B135FC1B2E10B8007B9C3B /* Main.storyboard */,
				23B135FF1B2E10B8007B9C3B /* Images.xcassets */,
				23B136011B2E10B8007B9C3B /* LaunchScreen.xib */,
				23B135F21B2E10B8007B9C3B /* Supporting Files */,
			);
			path = slideView;
			sourceTree = "<group>";
		};
		23B135F21B2E10B8007B9C3B /* Supporting Files */ = {
			isa = PBXGroup;
			children = (
				23B135F31B2E10B8007B9C3B /* Info.plist */,
				23B135F41B2E10B8007B9C3B /* main.m */,
			);
			name = "Supporting Files";
			sourceTree = "<group>";
		};
		23B1360B1B2E10B8007B9C3B /* slideViewTests */ = {
			isa = PBXGroup;
			children = (
				23B1360E1B2E10B8007B9C3B /* slideViewTests.m */,
				23B1360C1B2E10B8007B9C3B /* Supporting Files */,
			);
			path = slideViewTests;
			sourceTree = "<group>";
		};
		23B1360C1B2E10B8007B9C3B /* Supporting Files */ = {
			isa = PBXGroup;
			children = (
				23B1360D1B2E10B8007B9C3B /* Info.plist */,
			);
			name = "Supporting Files";
			sourceTree = "<group>";
		};
		23CEAD6A1C16131200E5AA6E /* Headers */ = {
			isa = PBXGroup;
			children = (
				23A4E8F81C25B14B009FF134 /* PresentationController.h */,
				23A4E8F51C25AFD5009FF134 /* TransitioningDelegate.h */,
				23ABB7A81C1DF85600A79F3F /* SlideTransitionView.h */,
				23B135F61B2E10B8007B9C3B /* AppDelegate.h */,
				230461B71C20CC0D009F8C1C /* InteractivePresentationTransition.h */,
				23B135F91B2E10B8007B9C3B /* ViewController.h */,
				23B1361B1B2E1157007B9C3B /* SlideViewController.h */,
			);
			name = Headers;
			sourceTree = "<group>";
		};
/* End PBXGroup section */

/* Begin PBXNativeTarget section */
		23B135EE1B2E10B8007B9C3B /* slideView */ = {
			isa = PBXNativeTarget;
			buildConfigurationList = 23B136121B2E10B8007B9C3B /* Build configuration list for PBXNativeTarget "slideView" */;
			buildPhases = (
				23B135EB1B2E10B8007B9C3B /* Sources */,
				23B135EC1B2E10B8007B9C3B /* Frameworks */,
				23B135ED1B2E10B8007B9C3B /* Resources */,
			);
			buildRules = (
			);
			dependencies = (
			);
			name = slideView;
			productName = slideView;
			productReference = 23B135EF1B2E10B8007B9C3B /* slideView.app */;
			productType = "com.apple.product-type.application";
		};
		23B136071B2E10B8007B9C3B /* slideViewTests */ = {
			isa = PBXNativeTarget;
			buildConfigurationList = 23B136151B2E10B8007B9C3B /* Build configuration list for PBXNativeTarget "slideViewTests" */;
			buildPhases = (
				23B136041B2E10B8007B9C3B /* Sources */,
				23B136051B2E10B8007B9C3B /* Frameworks */,
				23B136061B2E10B8007B9C3B /* Resources */,
			);
			buildRules = (
			);
			dependencies = (
				23B1360A1B2E10B8007B9C3B /* PBXTargetDependency */,
			);
			name = slideViewTests;
			productName = slideViewTests;
			productReference = 23B136081B2E10B8007B9C3B /* slideViewTests.xctest */;
			productType = "com.apple.product-type.bundle.unit-test";
		};
/* End PBXNativeTarget section */

/* Begin PBXProject section */
		23B135E71B2E10B8007B9C3B /* Project object */ = {
			isa = PBXProject;
			attributes = {
				LastUpgradeCheck = 0720;
				ORGANIZATIONNAME = mApps.ie;
				TargetAttributes = {
					23B135EE1B2E10B8007B9C3B = {
						CreatedOnToolsVersion = 6.3.2;
					};
					23B136071B2E10B8007B9C3B = {
						CreatedOnToolsVersion = 6.3.2;
						TestTargetID = 23B135EE1B2E10B8007B9C3B;
					};
				};
			};
			buildConfigurationList = 23B135EA1B2E10B8007B9C3B /* Build configuration list for PBXProject "slideView" */;
			compatibilityVersion = "Xcode 3.2";
			developmentRegion = English;
			hasScannedForEncodings = 0;
			knownRegions = (
				en,
				Base,
			);
			mainGroup = 23B135E61B2E10B8007B9C3B;
			productRefGroup = 23B135F01B2E10B8007B9C3B /* Products */;
			projectDirPath = "";
			projectRoot = "";
			targets = (
				23B135EE1B2E10B8007B9C3B /* slideView */,
				23B136071B2E10B8007B9C3B /* slideViewTests */,
			);
		};
/* End PBXProject section */

/* Begin PBXResourcesBuildPhase section */
		23B135ED1B2E10B8007B9C3B /* Resources */ = {
			isa = PBXResourcesBuildPhase;
			buildActionMask = 2147483647;
			files = (
				23B135FE1B2E10B8007B9C3B /* Main.storyboard in Resources */,
				23B136031B2E10B8007B9C3B /* LaunchScreen.xib in Resources */,
				23B136001B2E10B8007B9C3B /* Images.xcassets in Resources */,
			);
			runOnlyForDeploymentPostprocessing = 0;
		};
		23B136061B2E10B8007B9C3B /* Resources */ = {
			isa = PBXResourcesBuildPhase;
			buildActionMask = 2147483647;
			files = (
			);
			runOnlyForDeploymentPostprocessing = 0;
		};
/* End PBXResourcesBuildPhase section */

/* Begin PBXSourcesBuildPhase section */
		23B135EB1B2E10B8007B9C3B /* Sources */ = {
			isa = PBXSourcesBuildPhase;
			buildActionMask = 2147483647;
			files = (
				23B1361E1B2E1157007B9C3B /* SlideViewController.m in Sources */,
				23ABB7AA1C1DF85600A79F3F /* SlideTransitionView.m in Sources */,
				230461B61C20CC06009F8C1C /* InteractivePresentationTransition.m in Sources */,
				23A4E8FA1C25B14B009FF134 /* PresentationController.m in Sources */,
				23A4E8F71C25AFD5009FF134 /* TransitioningDelegate.m in Sources */,
				23B135FB1B2E10B8007B9C3B /* ViewController.m in Sources */,
				23B135F81B2E10B8007B9C3B /* AppDelegate.m in Sources */,
				23B135F51B2E10B8007B9C3B /* main.m in Sources */,
			);
			runOnlyForDeploymentPostprocessing = 0;
		};
		23B136041B2E10B8007B9C3B /* Sources */ = {
			isa = PBXSourcesBuildPhase;
			buildActionMask = 2147483647;
			files = (
				23B1360F1B2E10B8007B9C3B /* slideViewTests.m in Sources */,
			);
			runOnlyForDeploymentPostprocessing = 0;
		};
/* End PBXSourcesBuildPhase section */

/* Begin PBXTargetDependency section */
		23B1360A1B2E10B8007B9C3B /* PBXTargetDependency */ = {
			isa = PBXTargetDependency;
			target = 23B135EE1B2E10B8007B9C3B /* slideView */;
			targetProxy = 23B136091B2E10B8007B9C3B /* PBXContainerItemProxy */;
		};
/* End PBXTargetDependency section */

/* Begin PBXVariantGroup section */
		23B135FC1B2E10B8007B9C3B /* Main.storyboard */ = {
			isa = PBXVariantGroup;
			children = (
				23B135FD1B2E10B8007B9C3B /* Base */,
			);
			name = Main.storyboard;
			sourceTree = "<group>";
		};
		23B136011B2E10B8007B9C3B /* LaunchScreen.xib */ = {
			isa = PBXVariantGroup;
			children = (
				23B136021B2E10B8007B9C3B /* Base */,
			);
			name = LaunchScreen.xib;
			sourceTree = "<group>";
		};
/* End PBXVariantGroup section */

/* Begin XCBuildConfiguration section */
		23B136101B2E10B8007B9C3B /* Debug */ = {
			isa = XCBuildConfiguration;
			buildSettings = {
				ALWAYS_SEARCH_USER_PATHS = NO;
				CLANG_CXX_LANGUAGE_STANDARD = "gnu++0x";
				CLANG_CXX_LIBRARY = "libc++";
				CLANG_ENABLE_MODULES = YES;
				CLANG_ENABLE_OBJC_ARC = YES;
				CLANG_WARN_BOOL_CONVERSION = YES;
				CLANG_WARN_CONSTANT_CONVERSION = YES;
				CLANG_WARN_DIRECT_OBJC_ISA_USAGE = YES_ERROR;
				CLANG_WARN_EMPTY_BODY = YES;
				CLANG_WARN_ENUM_CONVERSION = YES;
				CLANG_WARN_INT_CONVERSION = YES;
				CLANG_WARN_OBJC_ROOT_CLASS = YES_ERROR;
				CLANG_WARN_UNREACHABLE_CODE = YES;
				CLANG_WARN__DUPLICATE_METHOD_MATCH = YES;
				"CODE_SIGN_IDENTITY[sdk=iphoneos*]" = "iPhone Developer";
				COPY_PHASE_STRIP = NO;
				DEBUG_INFORMATION_FORMAT = "dwarf-with-dsym";
				ENABLE_STRICT_OBJC_MSGSEND = YES;
				ENABLE_TESTABILITY = YES;
				GCC_C_LANGUAGE_STANDARD = gnu99;
				GCC_DYNAMIC_NO_PIC = NO;
				GCC_NO_COMMON_BLOCKS = YES;
				GCC_OPTIMIZATION_LEVEL = 0;
				GCC_PREPROCESSOR_DEFINITIONS = (
					"DEBUG=1",
					"$(inherited)",
				);
				GCC_SYMBOLS_PRIVATE_EXTERN = NO;
				GCC_WARN_64_TO_32_BIT_CONVERSION = YES;
				GCC_WARN_ABOUT_RETURN_TYPE = YES_ERROR;
				GCC_WARN_UNDECLARED_SELECTOR = YES;
				GCC_WARN_UNINITIALIZED_AUTOS = YES_AGGRESSIVE;
				GCC_WARN_UNUSED_FUNCTION = YES;
				GCC_WARN_UNUSED_VARIABLE = YES;
				IPHONEOS_DEPLOYMENT_TARGET = 8.3;
				MTL_ENABLE_DEBUG_INFO = YES;
				ONLY_ACTIVE_ARCH = YES;
				SDKROOT = iphoneos;
			};
			name = Debug;
		};
		23B136111B2E10B8007B9C3B /* Release */ = {
			isa = XCBuildConfiguration;
			buildSettings = {
				ALWAYS_SEARCH_USER_PATHS = NO;
				CLANG_CXX_LANGUAGE_STANDARD = "gnu++0x";
				CLANG_CXX_LIBRARY = "libc++";
				CLANG_ENABLE_MODULES = YES;
				CLANG_ENABLE_OBJC_ARC = YES;
				CLANG_WARN_BOOL_CONVERSION = YES;
				CLANG_WARN_CONSTANT_CONVERSION = YES;
				CLANG_WARN_DIRECT_OBJC_ISA_USAGE = YES_ERROR;
				CLANG_WARN_EMPTY_BODY = YES;
				CLANG_WARN_ENUM_CONVERSION = YES;
				CLANG_WARN_INT_CONVERSION = YES;
				CLANG_WARN_OBJC_ROOT_CLASS = YES_ERROR;
				CLANG_WARN_UNREACHABLE_CODE = YES;
				CLANG_WARN__DUPLICATE_METHOD_MATCH = YES;
				"CODE_SIGN_IDENTITY[sdk=iphoneos*]" = "iPhone Developer";
				COPY_PHASE_STRIP = NO;
				DEBUG_INFORMATION_FORMAT = "dwarf-with-dsym";
				ENABLE_NS_ASSERTIONS = NO;
				ENABLE_STRICT_OBJC_MSGSEND = YES;
				GCC_C_LANGUAGE_STANDARD = gnu99;
				GCC_NO_COMMON_BLOCKS = YES;
				GCC_WARN_64_TO_32_BIT_CONVERSION = YES;
				GCC_WARN_ABOUT_RETURN_TYPE = YES_ERROR;
				GCC_WARN_UNDECLARED_SELECTOR = YES;
				GCC_WARN_UNINITIALIZED_AUTOS = YES_AGGRESSIVE;
				GCC_WARN_UNUSED_FUNCTION = YES;
				GCC_WARN_UNUSED_VARIABLE = YES;
				IPHONEOS_DEPLOYMENT_TARGET = 8.3;
				MTL_ENABLE_DEBUG_INFO = NO;
				SDKROOT = iphoneos;
				VALIDATE_PRODUCT = YES;
			};
			name = Release;
		};
		23B136131B2E10B8007B9C3B /* Debug */ = {
			isa = XCBuildConfiguration;
			buildSettings = {
				ASSETCATALOG_COMPILER_APPICON_NAME = AppIcon;
				INFOPLIST_FILE = slideView/Info.plist;
				LD_RUNPATH_SEARCH_PATHS = "$(inherited) @executable_path/Frameworks";
				PRODUCT_BUNDLE_IDENTIFIER = "ie.mapps.$(PRODUCT_NAME:rfc1034identifier)";
				PRODUCT_NAME = "$(TARGET_NAME)";
			};
			name = Debug;
		};
		23B136141B2E10B8007B9C3B /* Release */ = {
			isa = XCBuildConfiguration;
			buildSettings = {
				ASSETCATALOG_COMPILER_APPICON_NAME = AppIcon;
				INFOPLIST_FILE = slideView/Info.plist;
				LD_RUNPATH_SEARCH_PATHS = "$(inherited) @executable_path/Frameworks";
				PRODUCT_BUNDLE_IDENTIFIER = "ie.mapps.$(PRODUCT_NAME:rfc1034identifier)";
				PRODUCT_NAME = "$(TARGET_NAME)";
			};
			name = Release;
		};
		23B136161B2E10B8007B9C3B /* Debug */ = {
			isa = XCBuildConfiguration;
			buildSettings = {
				BUNDLE_LOADER = "$(TEST_HOST)";
				FRAMEWORK_SEARCH_PATHS = (
					"$(SDKROOT)/Developer/Library/Frameworks",
					"$(inherited)",
				);
				GCC_PREPROCESSOR_DEFINITIONS = (
					"DEBUG=1",
					"$(inherited)",
				);
				INFOPLIST_FILE = slideViewTests/Info.plist;
				LD_RUNPATH_SEARCH_PATHS = "$(inherited) @executable_path/Frameworks @loader_path/Frameworks";
				PRODUCT_BUNDLE_IDENTIFIER = "ie.mapps.$(PRODUCT_NAME:rfc1034identifier)";
				PRODUCT_NAME = "$(TARGET_NAME)";
				TEST_HOST = "$(BUILT_PRODUCTS_DIR)/slideView.app/slideView";
			};
			name = Debug;
		};
		23B136171B2E10B8007B9C3B /* Release */ = {
			isa = XCBuildConfiguration;
			buildSettings = {
				BUNDLE_LOADER = "$(TEST_HOST)";
				FRAMEWORK_SEARCH_PATHS = (
					"$(SDKROOT)/Developer/Library/Frameworks",
					"$(inherited)",
				);
				INFOPLIST_FILE = slideViewTests/Info.plist;
				LD_RUNPATH_SEARCH_PATHS = "$(inherited) @executable_path/Frameworks @loader_path/Frameworks";
				PRODUCT_BUNDLE_IDENTIFIER = "ie.mapps.$(PRODUCT_NAME:rfc1034identifier)";
				PRODUCT_NAME = "$(TARGET_NAME)";
				TEST_HOST = "$(BUILT_PRODUCTS_DIR)/slideView.app/slideView";
			};
			name = Release;
		};
/* End XCBuildConfiguration section */

/* Begin XCConfigurationList section */
		23B135EA1B2E10B8007B9C3B /* Build configuration list for PBXProject "slideView" */ = {
			isa = XCConfigurationList;
			buildConfigurations = (
				23B136101B2E10B8007B9C3B /* Debug */,
				23B136111B2E10B8007B9C3B /* Release */,
			);
			defaultConfigurationIsVisible = 0;
			defaultConfigurationName = Release;
		};
		23B136121B2E10B8007B9C3B /* Build configuration list for PBXNativeTarget "slideView" */ = {
			isa = XCConfigurationList;
			buildConfigurations = (
				23B136131B2E10B8007B9C3B /* Debug */,
				23B136141B2E10B8007B9C3B /* Release */,
			);
			defaultConfigurationIsVisible = 0;
			defaultConfigurationName = Release;
		};
		23B136151B2E10B8007B9C3B /* Build configuration list for PBXNativeTarget "slideViewTests" */ = {
			isa = XCConfigurationList;
			buildConfigurations = (
				23B136161B2E10B8007B9C3B /* Debug */,
				23B136171B2E10B8007B9C3B /* Release */,
			);
			defaultConfigurationIsVisible = 0;
			defaultConfigurationName = Release;
		};
/* End XCConfigurationList section */
	};
	rootObject = 23B135E71B2E10B8007B9C3B /* Project object */;
}
